Microsoft Visual Studio Solution File, Format Version 12.00
# Visual Studio Version 17
VisualStudioVersion = 17.5.2.0
MinimumVisualStudioVersion = 10.0.40219.1
Project("{FAE04EC0-301F-11D3-BF4B-00C04F79EFBC}") = "1.PrimitiveVariables", "1.PrimitiveVariables\1.PrimitiveVariables.csproj", "{37E5C6C0-B0EE-51AF-2163-1CB671C5432D}"
EndProject
Global
	GlobalSection(SolutionConfigurationPlatforms) = preSolution
		Debug|Any CPU = Debug|Any CPU
		Release|Any CPU = Release|Any CPU
	EndGlobalSection
	GlobalSection(ProjectConfigurationPlatforms) = postSolution
		{37E5C6C0-B0EE-51AF-2163-1CB671C5432D}.Debug|Any CPU.ActiveCfg = Debug|Any CPU
		{37E5C6C0-B0EE-51AF-2163-1CB671C5432D}.Debug|Any CPU.Build.0 = Debug|Any CPU
		{37E5C6C0-B0EE-51AF-2163-1CB671C5432D}.Release|Any CPU.ActiveCfg = Release|Any CPU
		{37E5C6C0-B0EE-51AF-2163-1CB671C5432D}.Release|Any CPU.Build.0 = Release|Any CPU
	EndGlobalSection
	GlobalSection(SolutionProperties) = preSolution
		HideSolutionNode = FALSE
	EndGlobalSection
	GlobalSection(ExtensibilityGlobals) = postSolution
		SolutionGuid = {2AFA722F-BDA8-4193-B532-414EF9501D0D}
	EndGlobalSection
EndGlobal
