Microsoft Visual Studio Solution File, Format Version 12.00
# Visual Studio Version 17
VisualStudioVersion = 17.5.2.0
MinimumVisualStudioVersion = 10.0.40219.1
Project("{FAE04EC0-301F-11D3-BF4B-00C04F79EFBC}") = "6.NullSafety", "6.NullSafety.csproj", "{7E141D04-912C-0679-556B-C56BE8BE8771}"
EndProject
Global
	GlobalSection(SolutionConfigurationPlatforms) = preSolution
		Debug|Any CPU = Debug|Any CPU
		Release|Any CPU = Release|Any CPU
	EndGlobalSection
	GlobalSection(ProjectConfigurationPlatforms) = postSolution
		{7E141D04-912C-0679-556B-C56BE8BE8771}.Debug|Any CPU.ActiveCfg = Debug|Any CPU
		{7E141D04-912C-0679-556B-C56BE8BE8771}.Debug|Any CPU.Build.0 = Debug|Any CPU
		{7E141D04-912C-0679-556B-C56BE8BE8771}.Release|Any CPU.ActiveCfg = Release|Any CPU
		{7E141D04-912C-0679-556B-C56BE8BE8771}.Release|Any CPU.Build.0 = Release|Any CPU
	EndGlobalSection
	GlobalSection(SolutionProperties) = preSolution
		HideSolutionNode = FALSE
	EndGlobalSection
	GlobalSection(ExtensibilityGlobals) = postSolution
		SolutionGuid = {5399707C-1958-4783-8796-A9FA5AF573C3}
	EndGlobalSection
EndGlobal
