Microsoft Visual Studio Solution File, Format Version 12.00
# Visual Studio Version 17
VisualStudioVersion = 17.5.2.0
MinimumVisualStudioVersion = 10.0.40219.1
Project("{FAE04EC0-301F-11D3-BF4B-00C04F79EFBC}") = "8.Delagates", "8.Delagates.csproj", "{BF30EA33-76F8-FD62-01A6-919C57EC9746}"
EndProject
Global
	GlobalSection(SolutionConfigurationPlatforms) = preSolution
		Debug|Any CPU = Debug|Any CPU
		Release|Any CPU = Release|Any CPU
	EndGlobalSection
	GlobalSection(ProjectConfigurationPlatforms) = postSolution
		{BF30EA33-76F8-FD62-01A6-919C57EC9746}.Debug|Any CPU.ActiveCfg = Debug|Any CPU
		{BF30EA33-76F8-FD62-01A6-919C57EC9746}.Debug|Any CPU.Build.0 = Debug|Any CPU
		{BF30EA33-76F8-FD62-01A6-919C57EC9746}.Release|Any CPU.ActiveCfg = Release|Any CPU
		{BF30EA33-76F8-FD62-01A6-919C57EC9746}.Release|Any CPU.Build.0 = Release|Any CPU
	EndGlobalSection
	GlobalSection(SolutionProperties) = preSolution
		HideSolutionNode = FALSE
	EndGlobalSection
	GlobalSection(ExtensibilityGlobals) = postSolution
		SolutionGuid = {C44DE712-998B-49BE-96C0-6DD04CF3D474}
	EndGlobalSection
EndGlobal
